[[package]]
name = "embedded-builder"
version = "0.1.1"

[[package]]
name = "gba"
version = "0.1.0"
dependencies = [
 "embedded-builder 0.1.1",
 "gcc 0.3.54 (registry+https://github.com/rust-lang/crates.io-index)",
]

[[package]]
name = "gcc"
version = "0.3.54"
source = "registry+https://github.com/rust-lang/crates.io-index"

[metadata]
"checksum gcc 0.3.54 (registry+https://github.com/rust-lang/crates.io-index)" = "5e33ec290da0d127825013597dbdfc28bee4964690c7ce1166cbc2a7bd08b1bb"
